# Code generated by scarb DO NOT EDIT.
version = 1

[[package]]
name = "examples"
version = "0.1.0"
dependencies = [
 "string_utility",
]

[[package]]
name = "string_utility"
version = "0.1.0"
source = "registry+https://scarbs.xyz/"
checksum = "sha256:8ee1b12c81fda1312733cb7d6d70604bcb6ab952a1e781c6d000b57d533f0f77"
